{
  "requires": true,
  "lockfileVersion": 1,
  "dependencies": {
    "yarn": {
      "version": "1.21.1",
      "resolved": "https://registry.npmjs.org/yarn/-/yarn-1.21.1.tgz",
      "integrity": "sha512-dQgmJv676X/NQczpbiDtc2hsE/pppGDJAzwlRiADMTvFzYbdxPj2WO4PcNyriSt2c4jsCMpt8UFRKHUozt21GQ==",
      "dev": true
    }
  }
}
